
Microsoft Visual Studio Solution File, Format Version 12.00
# Visual Studio Version 16
VisualStudioVersion = 16.0.29806.167
MinimumVisualStudioVersion = 10.0.40219.1
Project("{FAE04EC0-301F-11D3-BF4B-00C04F79EFBC}") = "01_HelloWorld", "01_HelloWorld\01_HelloWorld.csproj", "{B7748F99-D20D-4E24-8DD8-B7C772B7DF33}"
EndProject
Project("{FAE04EC0-301F-11D3-BF4B-00C04F79EFBC}") = "02_SpustimTo", "02_SpustimTo\02_SpustimTo.csproj", "{AC85DCBB-B219-49AE-9794-8BAFF20268CC}"
EndProject
Global
	GlobalSection(SolutionConfigurationPlatforms) = preSolution
		Debug|Any CPU = Debug|Any CPU
		Release|Any CPU = Release|Any CPU
	EndGlobalSection
	GlobalSection(ProjectConfigurationPlatforms) = postSolution
		{B7748F99-D20D-4E24-8DD8-B7C772B7DF33}.Debug|Any CPU.ActiveCfg = Debug|Any CPU
		{B7748F99-D20D-4E24-8DD8-B7C772B7DF33}.Debug|Any CPU.Build.0 = Debug|Any CPU
		{B7748F99-D20D-4E24-8DD8-B7C772B7DF33}.Release|Any CPU.ActiveCfg = Release|Any CPU
		{B7748F99-D20D-4E24-8DD8-B7C772B7DF33}.Release|Any CPU.Build.0 = Release|Any CPU
		{AC85DCBB-B219-49AE-9794-8BAFF20268CC}.Debug|Any CPU.ActiveCfg = Debug|Any CPU
		{AC85DCBB-B219-49AE-9794-8BAFF20268CC}.Debug|Any CPU.Build.0 = Debug|Any CPU
		{AC85DCBB-B219-49AE-9794-8BAFF20268CC}.Release|Any CPU.ActiveCfg = Release|Any CPU
		{AC85DCBB-B219-49AE-9794-8BAFF20268CC}.Release|Any CPU.Build.0 = Release|Any CPU
	EndGlobalSection
	GlobalSection(SolutionProperties) = preSolution
		HideSolutionNode = FALSE
	EndGlobalSection
	GlobalSection(ExtensibilityGlobals) = postSolution
		SolutionGuid = {8B5AB6DE-C2FB-46ED-9E21-CEB397A0FA39}
	EndGlobalSection
EndGlobal
